
Microsoft Visual Studio Solution File, Format Version 12.00
# Visual Studio Version 16
VisualStudioVersion = 16.0.30717.126
MinimumVisualStudioVersion = 10.0.40219.1
Project("{9A19103F-16F7-4668-BE54-9A1E7A4F7556}") = "WebApp", "photo-gallery\WebApp.csproj", "{52D43CAC-EA6D-4C02-935F-EA4CDED59280}"
EndProject
Project("{FAE04EC0-301F-11D3-BF4B-00C04F79EFBC}") = "WebAPI", "WebAPI\WebAPI.csproj", "{3AD86ACE-B2E0-4B66-B6B5-99340CE9EE05}"
EndProject
Project("{FAE04EC0-301F-11D3-BF4B-00C04F79EFBC}") = "ImageDatabase", "ImageDatabase\ImageDatabase.csproj", "{338B74BB-3119-45AC-9300-FB3F0BE7C36E}"
EndProject
Global
	GlobalSection(SolutionConfigurationPlatforms) = preSolution
		Debug|Any CPU = Debug|Any CPU
		Release|Any CPU = Release|Any CPU
	EndGlobalSection
	GlobalSection(ProjectConfigurationPlatforms) = postSolution
		{52D43CAC-EA6D-4C02-935F-EA4CDED59280}.Debug|Any CPU.ActiveCfg = Debug|Any CPU
		{52D43CAC-EA6D-4C02-935F-EA4CDED59280}.Debug|Any CPU.Build.0 = Debug|Any CPU
		{52D43CAC-EA6D-4C02-935F-EA4CDED59280}.Release|Any CPU.ActiveCfg = Release|Any CPU
		{52D43CAC-EA6D-4C02-935F-EA4CDED59280}.Release|Any CPU.Build.0 = Release|Any CPU
		{3AD86ACE-B2E0-4B66-B6B5-99340CE9EE05}.Debug|Any CPU.ActiveCfg = Debug|Any CPU
		{3AD86ACE-B2E0-4B66-B6B5-99340CE9EE05}.Debug|Any CPU.Build.0 = Debug|Any CPU
		{3AD86ACE-B2E0-4B66-B6B5-99340CE9EE05}.Release|Any CPU.ActiveCfg = Release|Any CPU
		{3AD86ACE-B2E0-4B66-B6B5-99340CE9EE05}.Release|Any CPU.Build.0 = Release|Any CPU
		{338B74BB-3119-45AC-9300-FB3F0BE7C36E}.Debug|Any CPU.ActiveCfg = Debug|Any CPU
		{338B74BB-3119-45AC-9300-FB3F0BE7C36E}.Debug|Any CPU.Build.0 = Debug|Any CPU
		{338B74BB-3119-45AC-9300-FB3F0BE7C36E}.Release|Any CPU.ActiveCfg = Release|Any CPU
		{338B74BB-3119-45AC-9300-FB3F0BE7C36E}.Release|Any CPU.Build.0 = Release|Any CPU
	EndGlobalSection
	GlobalSection(SolutionProperties) = preSolution
		HideSolutionNode = FALSE
	EndGlobalSection
	GlobalSection(ExtensibilityGlobals) = postSolution
		SolutionGuid = {27147942-8372-41A3-A027-2E1F0EDAE896}
	EndGlobalSection
EndGlobal
